
Microsoft Visual Studio Solution File, Format Version 12.00
# Visual Studio 14
VisualStudioVersion = 14.0.25420.1
MinimumVisualStudioVersion = 10.0.40219.1
Project("{8BC9CEB8-8B4A-11D0-8D11-00A0C91BC942}") = "LaplacianSolver", "LaplacianSolver\LaplacianSolver.vcxproj", "{6C89EF73-6B13-4FD9-B0A2-E7C092743D3D}"
EndProject
Project("{8BC9CEB8-8B4A-11D0-8D11-00A0C91BC942}") = "test", "test\test.vcxproj", "{6FB04C4A-B074-4D2B-8A90-B05D9CD80FEB}"
EndProject
Global
	GlobalSection(SolutionConfigurationPlatforms) = preSolution
		Debug|x64 = Debug|x64
		Debug|x86 = Debug|x86
		Release|x64 = Release|x64
		Release|x86 = Release|x86
	EndGlobalSection
	GlobalSection(ProjectConfigurationPlatforms) = postSolution
		{6C89EF73-6B13-4FD9-B0A2-E7C092743D3D}.Debug|x64.ActiveCfg = Debug|x64
		{6C89EF73-6B13-4FD9-B0A2-E7C092743D3D}.Debug|x64.Build.0 = Debug|x64
		{6C89EF73-6B13-4FD9-B0A2-E7C092743D3D}.Debug|x86.ActiveCfg = Release|x64
		{6C89EF73-6B13-4FD9-B0A2-E7C092743D3D}.Debug|x86.Build.0 = Release|x64
		{6C89EF73-6B13-4FD9-B0A2-E7C092743D3D}.Release|x64.ActiveCfg = Release|x64
		{6C89EF73-6B13-4FD9-B0A2-E7C092743D3D}.Release|x64.Build.0 = Release|x64
		{6C89EF73-6B13-4FD9-B0A2-E7C092743D3D}.Release|x86.ActiveCfg = Release|x64
		{6C89EF73-6B13-4FD9-B0A2-E7C092743D3D}.Release|x86.Build.0 = Release|x64
		{6FB04C4A-B074-4D2B-8A90-B05D9CD80FEB}.Debug|x64.ActiveCfg = Debug|x64
		{6FB04C4A-B074-4D2B-8A90-B05D9CD80FEB}.Debug|x64.Build.0 = Debug|x64
		{6FB04C4A-B074-4D2B-8A90-B05D9CD80FEB}.Debug|x86.ActiveCfg = Release|x64
		{6FB04C4A-B074-4D2B-8A90-B05D9CD80FEB}.Debug|x86.Build.0 = Release|x64
		{6FB04C4A-B074-4D2B-8A90-B05D9CD80FEB}.Release|x64.ActiveCfg = Release|x64
		{6FB04C4A-B074-4D2B-8A90-B05D9CD80FEB}.Release|x64.Build.0 = Release|x64
		{6FB04C4A-B074-4D2B-8A90-B05D9CD80FEB}.Release|x86.ActiveCfg = Release|x64
		{6FB04C4A-B074-4D2B-8A90-B05D9CD80FEB}.Release|x86.Build.0 = Release|x64
	EndGlobalSection
	GlobalSection(SolutionProperties) = preSolution
		HideSolutionNode = FALSE
	EndGlobalSection
EndGlobal
